
Microsoft Visual Studio Solution File, Format Version 12.00
# Visual Studio Version 16
VisualStudioVersion = 16.0.30717.126
MinimumVisualStudioVersion = 10.0.40219.1
Project("{2150E333-8FDC-42A3-9474-1A3956D46DE8}") = "src", "src", "{B962CBF3-3F57-4F30-BADB-50CCC0CB3D64}"
EndProject
Project("{9A19103F-16F7-4668-BE54-9A1E7A4F7556}") = "ShopWPF", "src\ShopWPF\ShopWPF.csproj", "{CB84FBC3-5074-46D0-BA84-E0BAE536BC3C}"
EndProject
Project("{9A19103F-16F7-4668-BE54-9A1E7A4F7556}") = "Models", "src\Models\Models.csproj", "{3BCAB92E-12F7-4EBA-A8DE-11000C538A51}"
EndProject
Project("{9A19103F-16F7-4668-BE54-9A1E7A4F7556}") = "DataManager", "src\DataManager\DataManager.csproj", "{0F816DCC-2F72-426E-AE39-78CF42391243}"
EndProject
Project("{9A19103F-16F7-4668-BE54-9A1E7A4F7556}") = "Database", "src\Database\Database.csproj", "{F87C683A-68F5-423F-99CB-193837FD3165}"
EndProject
Global
	GlobalSection(SolutionConfigurationPlatforms) = preSolution
		Debug|Any CPU = Debug|Any CPU
		Release|Any CPU = Release|Any CPU
		Stub|Any CPU = Stub|Any CPU
	EndGlobalSection
	GlobalSection(ProjectConfigurationPlatforms) = postSolution
		{CB84FBC3-5074-46D0-BA84-E0BAE536BC3C}.Debug|Any CPU.ActiveCfg = Debug|Any CPU
		{CB84FBC3-5074-46D0-BA84-E0BAE536BC3C}.Debug|Any CPU.Build.0 = Debug|Any CPU
		{CB84FBC3-5074-46D0-BA84-E0BAE536BC3C}.Release|Any CPU.ActiveCfg = Release|Any CPU
		{CB84FBC3-5074-46D0-BA84-E0BAE536BC3C}.Release|Any CPU.Build.0 = Release|Any CPU
		{CB84FBC3-5074-46D0-BA84-E0BAE536BC3C}.Stub|Any CPU.ActiveCfg = Stub|Any CPU
		{CB84FBC3-5074-46D0-BA84-E0BAE536BC3C}.Stub|Any CPU.Build.0 = Stub|Any CPU
		{3BCAB92E-12F7-4EBA-A8DE-11000C538A51}.Debug|Any CPU.ActiveCfg = Debug|Any CPU
		{3BCAB92E-12F7-4EBA-A8DE-11000C538A51}.Debug|Any CPU.Build.0 = Debug|Any CPU
		{3BCAB92E-12F7-4EBA-A8DE-11000C538A51}.Release|Any CPU.ActiveCfg = Release|Any CPU
		{3BCAB92E-12F7-4EBA-A8DE-11000C538A51}.Release|Any CPU.Build.0 = Release|Any CPU
		{3BCAB92E-12F7-4EBA-A8DE-11000C538A51}.Stub|Any CPU.ActiveCfg = Stub|Any CPU
		{3BCAB92E-12F7-4EBA-A8DE-11000C538A51}.Stub|Any CPU.Build.0 = Stub|Any CPU
		{0F816DCC-2F72-426E-AE39-78CF42391243}.Debug|Any CPU.ActiveCfg = Debug|Any CPU
		{0F816DCC-2F72-426E-AE39-78CF42391243}.Debug|Any CPU.Build.0 = Debug|Any CPU
		{0F816DCC-2F72-426E-AE39-78CF42391243}.Release|Any CPU.ActiveCfg = Release|Any CPU
		{0F816DCC-2F72-426E-AE39-78CF42391243}.Release|Any CPU.Build.0 = Release|Any CPU
		{0F816DCC-2F72-426E-AE39-78CF42391243}.Stub|Any CPU.ActiveCfg = Stub|Any CPU
		{0F816DCC-2F72-426E-AE39-78CF42391243}.Stub|Any CPU.Build.0 = Stub|Any CPU
		{F87C683A-68F5-423F-99CB-193837FD3165}.Debug|Any CPU.ActiveCfg = Debug|Any CPU
		{F87C683A-68F5-423F-99CB-193837FD3165}.Debug|Any CPU.Build.0 = Debug|Any CPU
		{F87C683A-68F5-423F-99CB-193837FD3165}.Release|Any CPU.ActiveCfg = Release|Any CPU
		{F87C683A-68F5-423F-99CB-193837FD3165}.Release|Any CPU.Build.0 = Release|Any CPU
		{F87C683A-68F5-423F-99CB-193837FD3165}.Stub|Any CPU.ActiveCfg = Stub|Any CPU
		{F87C683A-68F5-423F-99CB-193837FD3165}.Stub|Any CPU.Build.0 = Stub|Any CPU
	EndGlobalSection
	GlobalSection(SolutionProperties) = preSolution
		HideSolutionNode = FALSE
	EndGlobalSection
	GlobalSection(NestedProjects) = preSolution
		{CB84FBC3-5074-46D0-BA84-E0BAE536BC3C} = {B962CBF3-3F57-4F30-BADB-50CCC0CB3D64}
		{3BCAB92E-12F7-4EBA-A8DE-11000C538A51} = {B962CBF3-3F57-4F30-BADB-50CCC0CB3D64}
		{0F816DCC-2F72-426E-AE39-78CF42391243} = {B962CBF3-3F57-4F30-BADB-50CCC0CB3D64}
		{F87C683A-68F5-423F-99CB-193837FD3165} = {B962CBF3-3F57-4F30-BADB-50CCC0CB3D64}
	EndGlobalSection
	GlobalSection(ExtensibilityGlobals) = postSolution
		SolutionGuid = {023D65ED-DC8C-4E84-BA53-FB9076D0D406}
	EndGlobalSection
EndGlobal
